// !$*UTF8*$!
{
	archiveVersion = 1;
	classes = {
	};
	objectVersion = 46;
	objects = {

/* Begin PBXBuildFile section */
		C85E20781B247F970080671E /* CalendarKit.framework in Frameworks */ = {isa = PBXBuildFile; fileRef = C85E20771B247F970080671E /* CalendarKit.framework */; };
		C8B3D10D1B10A99D00B76982 /* AppDelegate.swift in Sources */ = {isa = PBXBuildFile; fileRef = C8B3D10C1B10A99D00B76982 /* AppDelegate.swift */; };
		C8B3D10F1B10A99D00B76982 /* ViewController.swift in Sources */ = {isa = PBXBuildFile; fileRef = C8B3D10E1B10A99D00B76982 /* ViewController.swift */; };
		C8B3D1121B10A99D00B76982 /* Main.storyboard in Resources */ = {isa = PBXBuildFile; fileRef = C8B3D1101B10A99D00B76982 /* Main.storyboard */; };
		C8B3D1141B10A99D00B76982 /* Images.xcassets in Resources */ = {isa = PBXBuildFile; fileRef = C8B3D1131B10A99D00B76982 /* Images.xcassets */; };
		C8B3D1171B10A99D00B76982 /* LaunchScreen.xib in Resources */ = {isa = PBXBuildFile; fileRef = C8B3D1151B10A99D00B76982 /* LaunchScreen.xib */; };
		C8B3D1231B10A99D00B76982 /* CalendarKitTestAppTests.swift in Sources */ = {isa = PBXBuildFile; fileRef = C8B3D1221B10A99D00B76982 /* CalendarKitTestAppTests.swift */; };
/* End PBXBuildFile section */

/* Begin PBXContainerItemProxy section */
		C8B3D11D1B10A99D00B76982 /* PBXContainerItemProxy */ = {
			isa = PBXContainerItemProxy;
			containerPortal = C8B3D0FF1B10A99D00B76982 /* Project object */;
			proxyType = 1;
			remoteGlobalIDString = C8B3D1061B10A99D00B76982;
			remoteInfo = CalendarKitTestApp;
		};
/* End PBXContainerItemProxy section */

/* Begin PBXFileReference section */
		C85E20771B247F970080671E /* CalendarKit.framework */ = {isa = PBXFileReference; lastKnownFileType = wrapper.framework; name = CalendarKit.framework; path = "../build/Debug-iphoneos/CalendarKit.framework"; sourceTree = "<group>"; };
		C8B3D1071B10A99D00B76982 /* CalendarKitTestApp.app */ = {isa = PBXFileReference; explicitFileType = wrapper.application; includeInIndex = 0; path = CalendarKitTestApp.app; sourceTree = BUILT_PRODUCTS_DIR; };
		C8B3D10B1B10A99D00B76982 /* Info.plist */ = {isa = PBXFileReference; lastKnownFileType = text.plist.xml; path = Info.plist; sourceTree = "<group>"; };
		C8B3D10C1B10A99D00B76982 /* AppDelegate.swift */ = {isa = PBXFileReference; lastKnownFileType = sourcecode.swift; path = AppDelegate.swift; sourceTree = "<group>"; };
		C8B3D10E1B10A99D00B76982 /* ViewController.swift */ = {isa = PBXFileReference; lastKnownFileType = sourcecode.swift; path = ViewController.swift; sourceTree = "<group>"; };
		C8B3D1111B10A99D00B76982 /* Base */ = {isa = PBXFileReference; lastKnownFileType = file.storyboard; name = Base; path = Base.lproj/Main.storyboard; sourceTree = "<group>"; };
		C8B3D1131B10A99D00B76982 /* Images.xcassets */ = {isa = PBXFileReference; lastKnownFileType = folder.assetcatalog; path = Images.xcassets; sourceTree = "<group>"; };
		C8B3D1161B10A99D00B76982 /* Base */ = {isa = PBXFileReference; lastKnownFileType = file.xib; name = Base; path = Base.lproj/LaunchScreen.xib; sourceTree = "<group>"; };
		C8B3D11C1B10A99D00B76982 /* CalendarKitTestAppTests.xctest */ = {isa = PBXFileReference; explicitFileType = wrapper.cfbundle; includeInIndex = 0; path = CalendarKitTestAppTests.xctest; sourceTree = BUILT_PRODUCTS_DIR; };
		C8B3D1211B10A99D00B76982 /* Info.plist */ = {isa = PBXFileReference; lastKnownFileType = text.plist.xml; path = Info.plist; sourceTree = "<group>"; };
		C8B3D1221B10A99D00B76982 /* CalendarKitTestAppTests.swift */ = {isa = PBXFileReference; lastKnownFileType = sourcecode.swift; path = CalendarKitTestAppTests.swift; sourceTree = "<group>"; };
/* End PBXFileReference section */

/* Begin PBXFrameworksBuildPhase section */
		C8B3D1041B10A99D00B76982 /* Frameworks */ = {
			isa = PBXFrameworksBuildPhase;
			buildActionMask = 2147483647;
			files = (
				C85E20781B247F970080671E /* CalendarKit.framework in Frameworks */,
			);
			runOnlyForDeploymentPostprocessing = 0;
		};
		C8B3D1191B10A99D00B76982 /* Frameworks */ = {
			isa = PBXFrameworksBuildPhase;
			buildActionMask = 2147483647;
			files = (
			);
			runOnlyForDeploymentPostprocessing = 0;
		};
/* End PBXFrameworksBuildPhase section */

/* Begin PBXGroup section */
		C8B3D0FE1B10A99D00B76982 = {
			isa = PBXGroup;
			children = (
				C85E20771B247F970080671E /* CalendarKit.framework */,
				C8B3D1091B10A99D00B76982 /* CalendarKitTestApp */,
				C8B3D11F1B10A99D00B76982 /* CalendarKitTestAppTests */,
				C8B3D1081B10A99D00B76982 /* Products */,
			);
			sourceTree = "<group>";
		};
		C8B3D1081B10A99D00B76982 /* Products */ = {
			isa = PBXGroup;
			children = (
				C8B3D1071B10A99D00B76982 /* CalendarKitTestApp.app */,
				C8B3D11C1B10A99D00B76982 /* CalendarKitTestAppTests.xctest */,
			);
			name = Products;
			sourceTree = "<group>";
		};
		C8B3D1091B10A99D00B76982 /* CalendarKitTestApp */ = {
			isa = PBXGroup;
			children = (
				C8B3D10C1B10A99D00B76982 /* AppDelegate.swift */,
				C8B3D10E1B10A99D00B76982 /* ViewController.swift */,
				C8B3D1101B10A99D00B76982 /* Main.storyboard */,
				C8B3D1131B10A99D00B76982 /* Images.xcassets */,
				C8B3D1151B10A99D00B76982 /* LaunchScreen.xib */,
				C8B3D10A1B10A99D00B76982 /* Supporting Files */,
			);
			path = CalendarKitTestApp;
			sourceTree = "<group>";
		};
		C8B3D10A1B10A99D00B76982 /* Supporting Files */ = {
			isa = PBXGroup;
			children = (
				C8B3D10B1B10A99D00B76982 /* Info.plist */,
			);
			name = "Supporting Files";
			sourceTree = "<group>";
		};
		C8B3D11F1B10A99D00B76982 /* CalendarKitTestAppTests */ = {
			isa = PBXGroup;
			children = (
				C8B3D1221B10A99D00B76982 /* CalendarKitTestAppTests.swift */,
				C8B3D1201B10A99D00B76982 /* Supporting Files */,
			);
			path = CalendarKitTestAppTests;
			sourceTree = "<group>";
		};
		C8B3D1201B10A99D00B76982 /* Supporting Files */ = {
			isa = PBXGroup;
			children = (
				C8B3D1211B10A99D00B76982 /* Info.plist */,
			);
			name = "Supporting Files";
			sourceTree = "<group>";
		};
/* End PBXGroup section */

/* Begin PBXNativeTarget section */
		C8B3D1061B10A99D00B76982 /* CalendarKitTestApp */ = {
			isa = PBXNativeTarget;
			buildConfigurationList = C8B3D1261B10A99D00B76982 /* Build configuration list for PBXNativeTarget "CalendarKitTestApp" */;
			buildPhases = (
				C8B3D1031B10A99D00B76982 /* Sources */,
				C8B3D1041B10A99D00B76982 /* Frameworks */,
				C8B3D1051B10A99D00B76982 /* Resources */,
			);
			buildRules = (
			);
			dependencies = (
			);
			name = CalendarKitTestApp;
			productName = CalendarKitTestApp;
			productReference = C8B3D1071B10A99D00B76982 /* CalendarKitTestApp.app */;
			productType = "com.apple.product-type.application";
		};
		C8B3D11B1B10A99D00B76982 /* CalendarKitTestAppTests */ = {
			isa = PBXNativeTarget;
			buildConfigurationList = C8B3D1291B10A99D00B76982 /* Build configuration list for PBXNativeTarget "CalendarKitTestAppTests" */;
			buildPhases = (
				C8B3D1181B10A99D00B76982 /* Sources */,
				C8B3D1191B10A99D00B76982 /* Frameworks */,
				C8B3D11A1B10A99D00B76982 /* Resources */,
			);
			buildRules = (
			);
			dependencies = (
				C8B3D11E1B10A99D00B76982 /* PBXTargetDependency */,
			);
			name = CalendarKitTestAppTests;
			productName = CalendarKitTestAppTests;
			productReference = C8B3D11C1B10A99D00B76982 /* CalendarKitTestAppTests.xctest */;
			productType = "com.apple.product-type.bundle.unit-test";
		};
/* End PBXNativeTarget section */

/* Begin PBXProject section */
		C8B3D0FF1B10A99D00B76982 /* Project object */ = {
			isa = PBXProject;
			attributes = {
				LastSwiftUpdateCheck = 0700;
				LastUpgradeCheck = 0630;
				ORGANIZATIONNAME = "Beyers Apps, LLC";
				TargetAttributes = {
					C8B3D1061B10A99D00B76982 = {
						CreatedOnToolsVersion = 6.3.1;
					};
					C8B3D11B1B10A99D00B76982 = {
						CreatedOnToolsVersion = 6.3.1;
						TestTargetID = C8B3D1061B10A99D00B76982;
					};
				};
			};
			buildConfigurationList = C8B3D1021B10A99D00B76982 /* Build configuration list for PBXProject "CalendarKitTestApp" */;
			compatibilityVersion = "Xcode 3.2";
			developmentRegion = English;
			hasScannedForEncodings = 0;
			knownRegions = (
				en,
				Base,
			);
			mainGroup = C8B3D0FE1B10A99D00B76982;
			productRefGroup = C8B3D1081B10A99D00B76982 /* Products */;
			projectDirPath = "";
			projectRoot = "";
			targets = (
				C8B3D1061B10A99D00B76982 /* CalendarKitTestApp */,
				C8B3D11B1B10A99D00B76982 /* CalendarKitTestAppTests */,
			);
		};
/* End PBXProject section */

/* Begin PBXResourcesBuildPhase section */
		C8B3D1051B10A99D00B76982 /* Resources */ = {
			isa = PBXResourcesBuildPhase;
			buildActionMask = 2147483647;
			files = (
				C8B3D1121B10A99D00B76982 /* Main.storyboard in Resources */,
				C8B3D1171B10A99D00B76982 /* LaunchScreen.xib in Resources */,
				C8B3D1141B10A99D00B76982 /* Images.xcassets in Resources */,
			);
			runOnlyForDeploymentPostprocessing = 0;
		};
		C8B3D11A1B10A99D00B76982 /* Resources */ = {
			isa = PBXResourcesBuildPhase;
			buildActionMask = 2147483647;
			files = (
			);
			runOnlyForDeploymentPostprocessing = 0;
		};
/* End PBXResourcesBuildPhase section */

/* Begin PBXSourcesBuildPhase section */
		C8B3D1031B10A99D00B76982 /* Sources */ = {
			isa = PBXSourcesBuildPhase;
			buildActionMask = 2147483647;
			files = (
				C8B3D10F1B10A99D00B76982 /* ViewController.swift in Sources */,
				C8B3D10D1B10A99D00B76982 /* AppDelegate.swift in Sources */,
			);
			runOnlyForDeploymentPostprocessing = 0;
		};
		C8B3D1181B10A99D00B76982 /* Sources */ = {
			isa = PBXSourcesBuildPhase;
			buildActionMask = 2147483647;
			files = (
				C8B3D1231B10A99D00B76982 /* CalendarKitTestAppTests.swift in Sources */,
			);
			runOnlyForDeploymentPostprocessing = 0;
		};
/* End PBXSourcesBuildPhase section */

/* Begin PBXTargetDependency section */
		C8B3D11E1B10A99D00B76982 /* PBXTargetDependency */ = {
			isa = PBXTargetDependency;
			target = C8B3D1061B10A99D00B76982 /* CalendarKitTestApp */;
			targetProxy = C8B3D11D1B10A99D00B76982 /* PBXContainerItemProxy */;
		};
/* End PBXTargetDependency section */

/* Begin PBXVariantGroup section */
		C8B3D1101B10A99D00B76982 /* Main.storyboard */ = {
			isa = PBXVariantGroup;
			children = (
				C8B3D1111B10A99D00B76982 /* Base */,
			);
			name = Main.storyboard;
			sourceTree = "<group>";
		};
		C8B3D1151B10A99D00B76982 /* LaunchScreen.xib */ = {
			isa = PBXVariantGroup;
			children = (
				C8B3D1161B10A99D00B76982 /* Base */,
			);
			name = LaunchScreen.xib;
			sourceTree = "<group>";
		};
/* End PBXVariantGroup section */

/* Begin XCBuildConfiguration section */
		C8B3D1241B10A99D00B76982 /* Debug */ = {
			isa = XCBuildConfiguration;
			buildSettings = {
				ALWAYS_SEARCH_USER_PATHS = NO;
				CLANG_CXX_LANGUAGE_STANDARD = "gnu++0x";
				CLANG_CXX_LIBRARY = "libc++";
				CLANG_ENABLE_MODULES = YES;
				CLANG_ENABLE_OBJC_ARC = YES;
				CLANG_WARN_BOOL_CONVERSION = YES;
				CLANG_WARN_CONSTANT_CONVERSION = YES;
				CLANG_WARN_DIRECT_OBJC_ISA_USAGE = YES_ERROR;
				CLANG_WARN_EMPTY_BODY = YES;
				CLANG_WARN_ENUM_CONVERSION = YES;
				CLANG_WARN_INT_CONVERSION = YES;
				CLANG_WARN_OBJC_ROOT_CLASS = YES_ERROR;
				CLANG_WARN_UNREACHABLE_CODE = YES;
				CLANG_WARN__DUPLICATE_METHOD_MATCH = YES;
				"CODE_SIGN_IDENTITY[sdk=iphoneos*]" = "iPhone Developer";
				COPY_PHASE_STRIP = NO;
				DEBUG_INFORMATION_FORMAT = "dwarf-with-dsym";
				ENABLE_STRICT_OBJC_MSGSEND = YES;
				GCC_C_LANGUAGE_STANDARD = gnu99;
				GCC_DYNAMIC_NO_PIC = NO;
				GCC_NO_COMMON_BLOCKS = YES;
				GCC_OPTIMIZATION_LEVEL = 0;
				GCC_PREPROCESSOR_DEFINITIONS = (
					"DEBUG=1",
					"$(inherited)",
				);
				GCC_SYMBOLS_PRIVATE_EXTERN = NO;
				GCC_WARN_64_TO_32_BIT_CONVERSION = YES;
				GCC_WARN_ABOUT_RETURN_TYPE = YES_ERROR;
				GCC_WARN_UNDECLARED_SELECTOR = YES;
				GCC_WARN_UNINITIALIZED_AUTOS = YES_AGGRESSIVE;
				GCC_WARN_UNUSED_FUNCTION = YES;
				GCC_WARN_UNUSED_VARIABLE = YES;
				IPHONEOS_DEPLOYMENT_TARGET = 9.0;
				MTL_ENABLE_DEBUG_INFO = YES;
				ONLY_ACTIVE_ARCH = YES;
				SDKROOT = iphoneos;
				SWIFT_OPTIMIZATION_LEVEL = "-Onone";
				TARGETED_DEVICE_FAMILY = "1,2";
			};
			name = Debug;
		};
		C8B3D1251B10A99D00B76982 /* Release */ = {
			isa = XCBuildConfiguration;
			buildSettings = {
				ALWAYS_SEARCH_USER_PATHS = NO;
				CLANG_CXX_LANGUAGE_STANDARD = "gnu++0x";
				CLANG_CXX_LIBRARY = "libc++";
				CLANG_ENABLE_MODULES = YES;
				CLANG_ENABLE_OBJC_ARC = YES;
				CLANG_WARN_BOOL_CONVERSION = YES;
				CLANG_WARN_CONSTANT_CONVERSION = YES;
				CLANG_WARN_DIRECT_OBJC_ISA_USAGE = YES_ERROR;
				CLANG_WARN_EMPTY_BODY = YES;
				CLANG_WARN_ENUM_CONVERSION = YES;
				CLANG_WARN_INT_CONVERSION = YES;
				CLANG_WARN_OBJC_ROOT_CLASS = YES_ERROR;
				CLANG_WARN_UNREACHABLE_CODE = YES;
				CLANG_WARN__DUPLICATE_METHOD_MATCH = YES;
				"CODE_SIGN_IDENTITY[sdk=iphoneos*]" = "iPhone Developer";
				COPY_PHASE_STRIP = NO;
				DEBUG_INFORMATION_FORMAT = "dwarf-with-dsym";
				ENABLE_NS_ASSERTIONS = NO;
				ENABLE_STRICT_OBJC_MSGSEND = YES;
				GCC_C_LANGUAGE_STANDARD = gnu99;
				GCC_NO_COMMON_BLOCKS = YES;
				GCC_WARN_64_TO_32_BIT_CONVERSION = YES;
				GCC_WARN_ABOUT_RETURN_TYPE = YES_ERROR;
				GCC_WARN_UNDECLARED_SELECTOR = YES;
				GCC_WARN_UNINITIALIZED_AUTOS = YES_AGGRESSIVE;
				GCC_WARN_UNUSED_FUNCTION = YES;
				GCC_WARN_UNUSED_VARIABLE = YES;
				IPHONEOS_DEPLOYMENT_TARGET = 9.0;
				MTL_ENABLE_DEBUG_INFO = NO;
				SDKROOT = iphoneos;
				TARGETED_DEVICE_FAMILY = "1,2";
				VALIDATE_PRODUCT = YES;
			};
			name = Release;
		};
		C8B3D1271B10A99D00B76982 /* Debug */ = {
			isa = XCBuildConfiguration;
			buildSettings = {
				ASSETCATALOG_COMPILER_APPICON_NAME = AppIcon;
				FRAMEWORK_SEARCH_PATHS = (
					"$(inherited)",
					"$(USER_LIBRARY_DIR)/Developer/Xcode/DerivedData/CalendarKit-aofcagouocudttdvkloeafjmkhxf/Build/Products/Debug-iphoneos",
					"/Users/sbeyers/Documents/ios/CalendarKit/build/Debug-iphoneos",
				);
				INFOPLIST_FILE = CalendarKitTestApp/Info.plist;
				LD_RUNPATH_SEARCH_PATHS = "$(inherited) @executable_path/Frameworks";
				PRODUCT_NAME = "$(TARGET_NAME)";
			};
			name = Debug;
		};
		C8B3D1281B10A99D00B76982 /* Release */ = {
			isa = XCBuildConfiguration;
			buildSettings = {
				ASSETCATALOG_COMPILER_APPICON_NAME = AppIcon;
				FRAMEWORK_SEARCH_PATHS = (
					"$(inherited)",
					"$(USER_LIBRARY_DIR)/Developer/Xcode/DerivedData/CalendarKit-aofcagouocudttdvkloeafjmkhxf/Build/Products/Debug-iphoneos",
					"/Users/sbeyers/Documents/ios/CalendarKit/build/Debug-iphoneos",
				);
				INFOPLIST_FILE = CalendarKitTestApp/Info.plist;
				LD_RUNPATH_SEARCH_PATHS = "$(inherited) @executable_path/Frameworks";
				PRODUCT_NAME = "$(TARGET_NAME)";
			};
			name = Release;
		};
		C8B3D12A1B10A99D00B76982 /* Debug */ = {
			isa = XCBuildConfiguration;
			buildSettings = {
				BUNDLE_LOADER = "$(TEST_HOST)";
				FRAMEWORK_SEARCH_PATHS = (
					"$(SDKROOT)/Developer/Library/Frameworks",
					"$(inherited)",
				);
				GCC_PREPROCESSOR_DEFINITIONS = (
					"DEBUG=1",
					"$(inherited)",
				);
				INFOPLIST_FILE = CalendarKitTestAppTests/Info.plist;
				LD_RUNPATH_SEARCH_PATHS = "$(inherited) @executable_path/Frameworks @loader_path/Frameworks";
				PRODUCT_NAME = "$(TARGET_NAME)";
				TEST_HOST = "$(BUILT_PRODUCTS_DIR)/CalendarKitTestApp.app/CalendarKitTestApp";
			};
			name = Debug;
		};
		C8B3D12B1B10A99D00B76982 /* Release */ = {
			isa = XCBuildConfiguration;
			buildSettings = {
				BUNDLE_LOADER = "$(TEST_HOST)";
				FRAMEWORK_SEARCH_PATHS = (
					"$(SDKROOT)/Developer/Library/Frameworks",
					"$(inherited)",
				);
				INFOPLIST_FILE = CalendarKitTestAppTests/Info.plist;
				LD_RUNPATH_SEARCH_PATHS = "$(inherited) @executable_path/Frameworks @loader_path/Frameworks";
				PRODUCT_NAME = "$(TARGET_NAME)";
				TEST_HOST = "$(BUILT_PRODUCTS_DIR)/CalendarKitTestApp.app/CalendarKitTestApp";
			};
			name = Release;
		};
/* End XCBuildConfiguration section */

/* Begin XCConfigurationList section */
		C8B3D1021B10A99D00B76982 /* Build configuration list for PBXProject "CalendarKitTestApp" */ = {
			isa = XCConfigurationList;
			buildConfigurations = (
				C8B3D1241B10A99D00B76982 /* Debug */,
				C8B3D1251B10A99D00B76982 /* Release */,
			);
			defaultConfigurationIsVisible = 0;
			defaultConfigurationName = Release;
		};
		C8B3D1261B10A99D00B76982 /* Build configuration list for PBXNativeTarget "CalendarKitTestApp" */ = {
			isa = XCConfigurationList;
			buildConfigurations = (
				C8B3D1271B10A99D00B76982 /* Debug */,
				C8B3D1281B10A99D00B76982 /* Release */,
			);
			defaultConfigurationIsVisible = 0;
			defaultConfigurationName = Release;
		};
		C8B3D1291B10A99D00B76982 /* Build configuration list for PBXNativeTarget "CalendarKitTestAppTests" */ = {
			isa = XCConfigurationList;
			buildConfigurations = (
				C8B3D12A1B10A99D00B76982 /* Debug */,
				C8B3D12B1B10A99D00B76982 /* Release */,
			);
			defaultConfigurationIsVisible = 0;
			defaultConfigurationName = Release;
		};
/* End XCConfigurationList section */
	};
	rootObject = C8B3D0FF1B10A99D00B76982 /* Project object */;
}
